
Microsoft Visual Studio Solution File, Format Version 12.00
# Visual Studio Version 16
VisualStudioVersion = 16.0.29613.14
MinimumVisualStudioVersion = 10.0.40219.1
Project("{FAE04EC0-301F-11D3-BF4B-00C04F79EFBC}") = "TableauSyncWebJob", "WebJob\TableauSyncWebJob.csproj", "{3F75E1E4-B78F-447C-9DDB-02CB396B9442}"
EndProject
Project("{9A19103F-16F7-4668-BE54-9A1E7A4F7556}") = "TableauRestApiLib", "TableauRestApiLib\TableauRestApiLib.csproj", "{D0BCF28A-2E97-40E4-9BC7-9893454B5DB6}"
EndProject
Project("{9A19103F-16F7-4668-BE54-9A1E7A4F7556}") = "TableauRestApiTests", "TableauRestApiTests\TableauRestApiTests.csproj", "{97727B86-B465-46AA-82EE-F5DA4E68E31C}"
EndProject
Global
	GlobalSection(SolutionConfigurationPlatforms) = preSolution
		Debug|Any CPU = Debug|Any CPU
		Release|Any CPU = Release|Any CPU
	EndGlobalSection
	GlobalSection(ProjectConfigurationPlatforms) = postSolution
		{3F75E1E4-B78F-447C-9DDB-02CB396B9442}.Debug|Any CPU.ActiveCfg = Debug|Any CPU
		{3F75E1E4-B78F-447C-9DDB-02CB396B9442}.Debug|Any CPU.Build.0 = Debug|Any CPU
		{3F75E1E4-B78F-447C-9DDB-02CB396B9442}.Release|Any CPU.ActiveCfg = Release|Any CPU
		{3F75E1E4-B78F-447C-9DDB-02CB396B9442}.Release|Any CPU.Build.0 = Release|Any CPU
		{D0BCF28A-2E97-40E4-9BC7-9893454B5DB6}.Debug|Any CPU.ActiveCfg = Debug|Any CPU
		{D0BCF28A-2E97-40E4-9BC7-9893454B5DB6}.Debug|Any CPU.Build.0 = Debug|Any CPU
		{D0BCF28A-2E97-40E4-9BC7-9893454B5DB6}.Release|Any CPU.ActiveCfg = Release|Any CPU
		{D0BCF28A-2E97-40E4-9BC7-9893454B5DB6}.Release|Any CPU.Build.0 = Release|Any CPU
		{97727B86-B465-46AA-82EE-F5DA4E68E31C}.Debug|Any CPU.ActiveCfg = Debug|Any CPU
		{97727B86-B465-46AA-82EE-F5DA4E68E31C}.Debug|Any CPU.Build.0 = Debug|Any CPU
		{97727B86-B465-46AA-82EE-F5DA4E68E31C}.Release|Any CPU.ActiveCfg = Release|Any CPU
		{97727B86-B465-46AA-82EE-F5DA4E68E31C}.Release|Any CPU.Build.0 = Release|Any CPU
	EndGlobalSection
	GlobalSection(SolutionProperties) = preSolution
		HideSolutionNode = FALSE
	EndGlobalSection
	GlobalSection(ExtensibilityGlobals) = postSolution
		SolutionGuid = {9C11A62F-CDFA-419B-9BBF-A2FA9E8BA729}
	EndGlobalSection
EndGlobal
